// !$*UTF8*$!
{
	archiveVersion = 1;
	classes = {
	};
	objectVersion = 46;
	objects = {

/* Begin PBXBuildFile section */
		CFA8789517A7F10E00BB5BB0 /* ASIAuthenticationDialog.m in Sources */ = {isa = PBXBuildFile; fileRef = CFA8788017A7F10E00BB5BB0 /* ASIAuthenticationDialog.m */; };
		CFA8789617A7F10E00BB5BB0 /* ASIDataCompressor.m in Sources */ = {isa = PBXBuildFile; fileRef = CFA8788317A7F10E00BB5BB0 /* ASIDataCompressor.m */; };
		CFA8789717A7F10E00BB5BB0 /* ASIDataDecompressor.m in Sources */ = {isa = PBXBuildFile; fileRef = CFA8788517A7F10E00BB5BB0 /* ASIDataDecompressor.m */; };
		CFA8789817A7F10E00BB5BB0 /* ASIDownloadCache.m in Sources */ = {isa = PBXBuildFile; fileRef = CFA8788717A7F10E00BB5BB0 /* ASIDownloadCache.m */; };
		CFA8789917A7F10E00BB5BB0 /* ASIFormDataRequest.m in Sources */ = {isa = PBXBuildFile; fileRef = CFA8788917A7F10E00BB5BB0 /* ASIFormDataRequest.m */; };
		CFA8789A17A7F10E00BB5BB0 /* ASIHTTPRequest.m in Sources */ = {isa = PBXBuildFile; fileRef = CFA8788B17A7F10E00BB5BB0 /* ASIHTTPRequest.m */; };
		CFA8789B17A7F10E00BB5BB0 /* ASIInputStream.m in Sources */ = {isa = PBXBuildFile; fileRef = CFA8788F17A7F10E00BB5BB0 /* ASIInputStream.m */; };
		CFA8789C17A7F10E00BB5BB0 /* ASINetworkQueue.m in Sources */ = {isa = PBXBuildFile; fileRef = CFA8789117A7F10E00BB5BB0 /* ASINetworkQueue.m */; };
		CFA8789D17A7F10E00BB5BB0 /* Reachability.m in Sources */ = {isa = PBXBuildFile; fileRef = CFA8789417A7F10E00BB5BB0 /* Reachability.m */; };
		CFBCEC3517A74465003E0908 /* UIKit.framework in Frameworks */ = {isa = PBXBuildFile; fileRef = CFBCEC3417A74465003E0908 /* UIKit.framework */; };
		CFBCEC3717A74465003E0908 /* Foundation.framework in Frameworks */ = {isa = PBXBuildFile; fileRef = CFBCEC3617A74465003E0908 /* Foundation.framework */; };
		CFBCEC3917A74465003E0908 /* CoreGraphics.framework in Frameworks */ = {isa = PBXBuildFile; fileRef = CFBCEC3817A74465003E0908 /* CoreGraphics.framework */; };
		CFBCEC3F17A74465003E0908 /* InfoPlist.strings in Resources */ = {isa = PBXBuildFile; fileRef = CFBCEC3D17A74465003E0908 /* InfoPlist.strings */; };
		CFBCEC4117A74465003E0908 /* main.m in Sources */ = {isa = PBXBuildFile; fileRef = CFBCEC4017A74465003E0908 /* main.m */; };
		CFBCEC4517A74465003E0908 /* AppDelegate.m in Sources */ = {isa = PBXBuildFile; fileRef = CFBCEC4417A74465003E0908 /* AppDelegate.m */; };
		CFBCEC4717A74465003E0908 /* Default.png in Resources */ = {isa = PBXBuildFile; fileRef = CFBCEC4617A74465003E0908 /* Default.png */; };
		CFBCEC4917A74465003E0908 /* Default@2x.png in Resources */ = {isa = PBXBuildFile; fileRef = CFBCEC4817A74465003E0908 /* Default@2x.png */; };
		CFBCEC4B17A74465003E0908 /* Default-568h@2x.png in Resources */ = {isa = PBXBuildFile; fileRef = CFBCEC4A17A74465003E0908 /* Default-568h@2x.png */; };
		CFBCEC5317A74484003E0908 /* MyAsynHTTPRequest.m in Sources */ = {isa = PBXBuildFile; fileRef = CFBCEC5217A74484003E0908 /* MyAsynHTTPRequest.m */; };
		CFBCEC5517A7493F003E0908 /* CFNetwork.framework in Frameworks */ = {isa = PBXBuildFile; fileRef = CFBCEC5417A7493F003E0908 /* CFNetwork.framework */; };
		CFBCEC5717A7495C003E0908 /* MobileCoreServices.framework in Frameworks */ = {isa = PBXBuildFile; fileRef = CFBCEC5617A7495C003E0908 /* MobileCoreServices.framework */; };
		CFBCEC5917A74967003E0908 /* SystemConfiguration.framework in Frameworks */ = {isa = PBXBuildFile; fileRef = CFBCEC5817A74967003E0908 /* SystemConfiguration.framework */; };
		CFBCEC5B17A74970003E0908 /* libz.1.2.5.dylib in Frameworks */ = {isa = PBXBuildFile; fileRef = CFBCEC5A17A74970003E0908 /* libz.1.2.5.dylib */; };
/* End PBXBuildFile section */

/* Begin PBXFileReference section */
		CFA8787F17A7F10E00BB5BB0 /* ASIAuthenticationDialog.h */ = {isa = PBXFileReference; fileEncoding = 4; lastKnownFileType = sourcecode.c.h; path = ASIAuthenticationDialog.h; sourceTree = "<group>"; };
		CFA8788017A7F10E00BB5BB0 /* ASIAuthenticationDialog.m */ = {isa = PBXFileReference; fileEncoding = 4; lastKnownFileType = sourcecode.c.objc; path = ASIAuthenticationDialog.m; sourceTree = "<group>"; };
		CFA8788117A7F10E00BB5BB0 /* ASICacheDelegate.h */ = {isa = PBXFileReference; fileEncoding = 4; lastKnownFileType = sourcecode.c.h; path = ASICacheDelegate.h; sourceTree = "<group>"; };
		CFA8788217A7F10E00BB5BB0 /* ASIDataCompressor.h */ = {isa = PBXFileReference; fileEncoding = 4; lastKnownFileType = sourcecode.c.h; path = ASIDataCompressor.h; sourceTree = "<group>"; };
		CFA8788317A7F10E00BB5BB0 /* ASIDataCompressor.m */ = {isa = PBXFileReference; fileEncoding = 4; lastKnownFileType = sourcecode.c.objc; path = ASIDataCompressor.m; sourceTree = "<group>"; };
		CFA8788417A7F10E00BB5BB0 /* ASIDataDecompressor.h */ = {isa = PBXFileReference; fileEncoding = 4; lastKnownFileType = sourcecode.c.h; path = ASIDataDecompressor.h; sourceTree = "<group>"; };
		CFA8788517A7F10E00BB5BB0 /* ASIDataDecompressor.m */ = {isa = PBXFileReference; fileEncoding = 4; lastKnownFileType = sourcecode.c.objc; path = ASIDataDecompressor.m; sourceTree = "<group>"; };
		CFA8788617A7F10E00BB5BB0 /* ASIDownloadCache.h */ = {isa = PBXFileReference; fileEncoding = 4; lastKnownFileType = sourcecode.c.h; path = ASIDownloadCache.h; sourceTree = "<group>"; };
		CFA8788717A7F10E00BB5BB0 /* ASIDownloadCache.m */ = {isa = PBXFileReference; fileEncoding = 4; lastKnownFileType = sourcecode.c.objc; path = ASIDownloadCache.m; sourceTree = "<group>"; };
		CFA8788817A7F10E00BB5BB0 /* ASIFormDataRequest.h */ = {isa = PBXFileReference; fileEncoding = 4; lastKnownFileType = sourcecode.c.h; path = ASIFormDataRequest.h; sourceTree = "<group>"; };
		CFA8788917A7F10E00BB5BB0 /* ASIFormDataRequest.m */ = {isa = PBXFileReference; fileEncoding = 4; lastKnownFileType = sourcecode.c.objc; path = ASIFormDataRequest.m; sourceTree = "<group>"; };
		CFA8788A17A7F10E00BB5BB0 /* ASIHTTPRequest.h */ = {isa = PBXFileReference; fileEncoding = 4; lastKnownFileType = sourcecode.c.h; path = ASIHTTPRequest.h; sourceTree = "<group>"; };
		CFA8788B17A7F10E00BB5BB0 /* ASIHTTPRequest.m */ = {isa = PBXFileReference; fileEncoding = 4; lastKnownFileType = sourcecode.c.objc; path = ASIHTTPRequest.m; sourceTree = "<group>"; };
		CFA8788C17A7F10E00BB5BB0 /* ASIHTTPRequestConfig.h */ = {isa = PBXFileReference; fileEncoding = 4; lastKnownFileType = sourcecode.c.h; path = ASIHTTPRequestConfig.h; sourceTree = "<group>"; };
		CFA8788D17A7F10E00BB5BB0 /* ASIHTTPRequestDelegate.h */ = {isa = PBXFileReference; fileEncoding = 4; lastKnownFileType = sourcecode.c.h; path = ASIHTTPRequestDelegate.h; sourceTree = "<group>"; };
		CFA8788E17A7F10E00BB5BB0 /* ASIInputStream.h */ = {isa = PBXFileReference; fileEncoding = 4; lastKnownFileType = sourcecode.c.h; path = ASIInputStream.h; sourceTree = "<group>"; };
		CFA8788F17A7F10E00BB5BB0 /* ASIInputStream.m */ = {isa = PBXFileReference; fileEncoding = 4; lastKnownFileType = sourcecode.c.objc; path = ASIInputStream.m; sourceTree = "<group>"; };
		CFA8789017A7F10E00BB5BB0 /* ASINetworkQueue.h */ = {isa = PBXFileReference; fileEncoding = 4; lastKnownFileType = sourcecode.c.h; path = ASINetworkQueue.h; sourceTree = "<group>"; };
		CFA8789117A7F10E00BB5BB0 /* ASINetworkQueue.m */ = {isa = PBXFileReference; fileEncoding = 4; lastKnownFileType = sourcecode.c.objc; path = ASINetworkQueue.m; sourceTree = "<group>"; };
		CFA8789217A7F10E00BB5BB0 /* ASIProgressDelegate.h */ = {isa = PBXFileReference; fileEncoding = 4; lastKnownFileType = sourcecode.c.h; path = ASIProgressDelegate.h; sourceTree = "<group>"; };
		CFA8789317A7F10E00BB5BB0 /* Reachability.h */ = {isa = PBXFileReference; fileEncoding = 4; lastKnownFileType = sourcecode.c.h; path = Reachability.h; sourceTree = "<group>"; };
		CFA8789417A7F10E00BB5BB0 /* Reachability.m */ = {isa = PBXFileReference; fileEncoding = 4; lastKnownFileType = sourcecode.c.objc; path = Reachability.m; sourceTree = "<group>"; };
		CFBCEC3117A74465003E0908 /* AsynHTTPRequest.app */ = {isa = PBXFileReference; explicitFileType = wrapper.application; includeInIndex = 0; path = AsynHTTPRequest.app; sourceTree = BUILT_PRODUCTS_DIR; };
		CFBCEC3417A74465003E0908 /* UIKit.framework */ = {isa = PBXFileReference; lastKnownFileType = wrapper.framework; name = UIKit.framework; path = System/Library/Frameworks/UIKit.framework; sourceTree = SDKROOT; };
		CFBCEC3617A74465003E0908 /* Foundation.framework */ = {isa = PBXFileReference; lastKnownFileType = wrapper.framework; name = Foundation.framework; path = System/Library/Frameworks/Foundation.framework; sourceTree = SDKROOT; };
		CFBCEC3817A74465003E0908 /* CoreGraphics.framework */ = {isa = PBXFileReference; lastKnownFileType = wrapper.framework; name = CoreGraphics.framework; path = System/Library/Frameworks/CoreGraphics.framework; sourceTree = SDKROOT; };
		CFBCEC3C17A74465003E0908 /* AsynHTTPRequest-Info.plist */ = {isa = PBXFileReference; lastKnownFileType = text.plist.xml; path = "AsynHTTPRequest-Info.plist"; sourceTree = "<group>"; };
		CFBCEC3E17A74465003E0908 /* en */ = {isa = PBXFileReference; lastKnownFileType = text.plist.strings; name = en; path = en.lproj/InfoPlist.strings; sourceTree = "<group>"; };
		CFBCEC4017A74465003E0908 /* main.m */ = {isa = PBXFileReference; lastKnownFileType = sourcecode.c.objc; path = main.m; sourceTree = "<group>"; };
		CFBCEC4217A74465003E0908 /* AsynHTTPRequest-Prefix.pch */ = {isa = PBXFileReference; lastKnownFileType = sourcecode.c.h; path = "AsynHTTPRequest-Prefix.pch"; sourceTree = "<group>"; };
		CFBCEC4317A74465003E0908 /* AppDelegate.h */ = {isa = PBXFileReference; lastKnownFileType = sourcecode.c.h; path = AppDelegate.h; sourceTree = "<group>"; };
		CFBCEC4417A74465003E0908 /* AppDelegate.m */ = {isa = PBXFileReference; lastKnownFileType = sourcecode.c.objc; path = AppDelegate.m; sourceTree = "<group>"; };
		CFBCEC4617A74465003E0908 /* Default.png */ = {isa = PBXFileReference; lastKnownFileType = image.png; path = Default.png; sourceTree = "<group>"; };
		CFBCEC4817A74465003E0908 /* Default@2x.png */ = {isa = PBXFileReference; lastKnownFileType = image.png; path = "Default@2x.png"; sourceTree = "<group>"; };
		CFBCEC4A17A74465003E0908 /* Default-568h@2x.png */ = {isa = PBXFileReference; lastKnownFileType = image.png; path = "Default-568h@2x.png"; sourceTree = "<group>"; };
		CFBCEC5117A74484003E0908 /* MyAsynHTTPRequest.h */ = {isa = PBXFileReference; fileEncoding = 4; lastKnownFileType = sourcecode.c.h; path = MyAsynHTTPRequest.h; sourceTree = "<group>"; };
		CFBCEC5217A74484003E0908 /* MyAsynHTTPRequest.m */ = {isa = PBXFileReference; fileEncoding = 4; lastKnownFileType = sourcecode.c.objc; path = MyAsynHTTPRequest.m; sourceTree = "<group>"; };
		CFBCEC5417A7493F003E0908 /* CFNetwork.framework */ = {isa = PBXFileReference; lastKnownFileType = wrapper.framework; name = CFNetwork.framework; path = System/Library/Frameworks/CFNetwork.framework; sourceTree = SDKROOT; };
		CFBCEC5617A7495C003E0908 /* MobileCoreServices.framework */ = {isa = PBXFileReference; lastKnownFileType = wrapper.framework; name = MobileCoreServices.framework; path = System/Library/Frameworks/MobileCoreServices.framework; sourceTree = SDKROOT; };
		CFBCEC5817A74967003E0908 /* SystemConfiguration.framework */ = {isa = PBXFileReference; lastKnownFileType = wrapper.framework; name = SystemConfiguration.framework; path = System/Library/Frameworks/SystemConfiguration.framework; sourceTree = SDKROOT; };
		CFBCEC5A17A74970003E0908 /* libz.1.2.5.dylib */ = {isa = PBXFileReference; lastKnownFileType = "compiled.mach-o.dylib"; name = libz.1.2.5.dylib; path = usr/lib/libz.1.2.5.dylib; sourceTree = SDKROOT; };
/* End PBXFileReference section */

/* Begin PBXFrameworksBuildPhase section */
		CFBCEC2E17A74465003E0908 /* Frameworks */ = {
			isa = PBXFrameworksBuildPhase;
			buildActionMask = 2147483647;
			files = (
				CFBCEC5B17A74970003E0908 /* libz.1.2.5.dylib in Frameworks */,
				CFBCEC5917A74967003E0908 /* SystemConfiguration.framework in Frameworks */,
				CFBCEC5717A7495C003E0908 /* MobileCoreServices.framework in Frameworks */,
				CFBCEC5517A7493F003E0908 /* CFNetwork.framework in Frameworks */,
				CFBCEC3517A74465003E0908 /* UIKit.framework in Frameworks */,
				CFBCEC3717A74465003E0908 /* Foundation.framework in Frameworks */,
				CFBCEC3917A74465003E0908 /* CoreGraphics.framework in Frameworks */,
			);
			runOnlyForDeploymentPostprocessing = 0;
		};
/* End PBXFrameworksBuildPhase section */

/* Begin PBXGroup section */
		CFA8787E17A7F10E00BB5BB0 /* ASIHttpRequest */ = {
			isa = PBXGroup;
			children = (
				CFA8787F17A7F10E00BB5BB0 /* ASIAuthenticationDialog.h */,
				CFA8788017A7F10E00BB5BB0 /* ASIAuthenticationDialog.m */,
				CFA8788117A7F10E00BB5BB0 /* ASICacheDelegate.h */,
				CFA8788217A7F10E00BB5BB0 /* ASIDataCompressor.h */,
				CFA8788317A7F10E00BB5BB0 /* ASIDataCompressor.m */,
				CFA8788417A7F10E00BB5BB0 /* ASIDataDecompressor.h */,
				CFA8788517A7F10E00BB5BB0 /* ASIDataDecompressor.m */,
				CFA8788617A7F10E00BB5BB0 /* ASIDownloadCache.h */,
				CFA8788717A7F10E00BB5BB0 /* ASIDownloadCache.m */,
				CFA8788817A7F10E00BB5BB0 /* ASIFormDataRequest.h */,
				CFA8788917A7F10E00BB5BB0 /* ASIFormDataRequest.m */,
				CFA8788A17A7F10E00BB5BB0 /* ASIHTTPRequest.h */,
				CFA8788B17A7F10E00BB5BB0 /* ASIHTTPRequest.m */,
				CFA8788C17A7F10E00BB5BB0 /* ASIHTTPRequestConfig.h */,
				CFA8788D17A7F10E00BB5BB0 /* ASIHTTPRequestDelegate.h */,
				CFA8788E17A7F10E00BB5BB0 /* ASIInputStream.h */,
				CFA8788F17A7F10E00BB5BB0 /* ASIInputStream.m */,
				CFA8789017A7F10E00BB5BB0 /* ASINetworkQueue.h */,
				CFA8789117A7F10E00BB5BB0 /* ASINetworkQueue.m */,
				CFA8789217A7F10E00BB5BB0 /* ASIProgressDelegate.h */,
				CFA8789317A7F10E00BB5BB0 /* Reachability.h */,
				CFA8789417A7F10E00BB5BB0 /* Reachability.m */,
			);
			path = ASIHttpRequest;
			sourceTree = "<group>";
		};
		CFBCEC2817A74465003E0908 = {
			isa = PBXGroup;
			children = (
				CFA8787E17A7F10E00BB5BB0 /* ASIHttpRequest */,
				CFBCEC3A17A74465003E0908 /* AsynHTTPRequest */,
				CFBCEC3317A74465003E0908 /* Frameworks */,
				CFBCEC3217A74465003E0908 /* Products */,
			);
			sourceTree = "<group>";
		};
		CFBCEC3217A74465003E0908 /* Products */ = {
			isa = PBXGroup;
			children = (
				CFBCEC3117A74465003E0908 /* AsynHTTPRequest.app */,
			);
			name = Products;
			sourceTree = "<group>";
		};
		CFBCEC3317A74465003E0908 /* Frameworks */ = {
			isa = PBXGroup;
			children = (
				CFBCEC5A17A74970003E0908 /* libz.1.2.5.dylib */,
				CFBCEC5817A74967003E0908 /* SystemConfiguration.framework */,
				CFBCEC5617A7495C003E0908 /* MobileCoreServices.framework */,
				CFBCEC5417A7493F003E0908 /* CFNetwork.framework */,
				CFBCEC3417A74465003E0908 /* UIKit.framework */,
				CFBCEC3617A74465003E0908 /* Foundation.framework */,
				CFBCEC3817A74465003E0908 /* CoreGraphics.framework */,
			);
			name = Frameworks;
			sourceTree = "<group>";
		};
		CFBCEC3A17A74465003E0908 /* AsynHTTPRequest */ = {
			isa = PBXGroup;
			children = (
				CFBCEC4317A74465003E0908 /* AppDelegate.h */,
				CFBCEC4417A74465003E0908 /* AppDelegate.m */,
				CFBCEC5117A74484003E0908 /* MyAsynHTTPRequest.h */,
				CFBCEC5217A74484003E0908 /* MyAsynHTTPRequest.m */,
				CFBCEC3B17A74465003E0908 /* Supporting Files */,
			);
			path = AsynHTTPRequest;
			sourceTree = "<group>";
		};
		CFBCEC3B17A74465003E0908 /* Supporting Files */ = {
			isa = PBXGroup;
			children = (
				CFBCEC3C17A74465003E0908 /* AsynHTTPRequest-Info.plist */,
				CFBCEC3D17A74465003E0908 /* InfoPlist.strings */,
				CFBCEC4017A74465003E0908 /* main.m */,
				CFBCEC4217A74465003E0908 /* AsynHTTPRequest-Prefix.pch */,
				CFBCEC4617A74465003E0908 /* Default.png */,
				CFBCEC4817A74465003E0908 /* Default@2x.png */,
				CFBCEC4A17A74465003E0908 /* Default-568h@2x.png */,
			);
			name = "Supporting Files";
			sourceTree = "<group>";
		};
/* End PBXGroup section */

/* Begin PBXNativeTarget section */
		CFBCEC3017A74465003E0908 /* AsynHTTPRequest */ = {
			isa = PBXNativeTarget;
			buildConfigurationList = CFBCEC4E17A74465003E0908 /* Build configuration list for PBXNativeTarget "AsynHTTPRequest" */;
			buildPhases = (
				CFBCEC2D17A74465003E0908 /* Sources */,
				CFBCEC2E17A74465003E0908 /* Frameworks */,
				CFBCEC2F17A74465003E0908 /* Resources */,
			);
			buildRules = (
			);
			dependencies = (
			);
			name = AsynHTTPRequest;
			productName = AsynHTTPRequest;
			productReference = CFBCEC3117A74465003E0908 /* AsynHTTPRequest.app */;
			productType = "com.apple.product-type.application";
		};
/* End PBXNativeTarget section */

/* Begin PBXProject section */
		CFBCEC2917A74465003E0908 /* Project object */ = {
			isa = PBXProject;
			attributes = {
				LastUpgradeCheck = 0460;
				ORGANIZATIONNAME = qsji;
			};
			buildConfigurationList = CFBCEC2C17A74465003E0908 /* Build configuration list for PBXProject "AsynHTTPRequest" */;
			compatibilityVersion = "Xcode 3.2";
			developmentRegion = English;
			hasScannedForEncodings = 0;
			knownRegions = (
				en,
			);
			mainGroup = CFBCEC2817A74465003E0908;
			productRefGroup = CFBCEC3217A74465003E0908 /* Products */;
			projectDirPath = "";
			projectRoot = "";
			targets = (
				CFBCEC3017A74465003E0908 /* AsynHTTPRequest */,
			);
		};
/* End PBXProject section */

/* Begin PBXResourcesBuildPhase section */
		CFBCEC2F17A74465003E0908 /* Resources */ = {
			isa = PBXResourcesBuildPhase;
			buildActionMask = 2147483647;
			files = (
				CFBCEC3F17A74465003E0908 /* InfoPlist.strings in Resources */,
				CFBCEC4717A74465003E0908 /* Default.png in Resources */,
				CFBCEC4917A74465003E0908 /* Default@2x.png in Resources */,
				CFBCEC4B17A74465003E0908 /* Default-568h@2x.png in Resources */,
			);
			runOnlyForDeploymentPostprocessing = 0;
		};
/* End PBXResourcesBuildPhase section */

/* Begin PBXSourcesBuildPhase section */
		CFBCEC2D17A74465003E0908 /* Sources */ = {
			isa = PBXSourcesBuildPhase;
			buildActionMask = 2147483647;
			files = (
				CFBCEC4117A74465003E0908 /* main.m in Sources */,
				CFBCEC4517A74465003E0908 /* AppDelegate.m in Sources */,
				CFBCEC5317A74484003E0908 /* MyAsynHTTPRequest.m in Sources */,
				CFA8789517A7F10E00BB5BB0 /* ASIAuthenticationDialog.m in Sources */,
				CFA8789617A7F10E00BB5BB0 /* ASIDataCompressor.m in Sources */,
				CFA8789717A7F10E00BB5BB0 /* ASIDataDecompressor.m in Sources */,
				CFA8789817A7F10E00BB5BB0 /* ASIDownloadCache.m in Sources */,
				CFA8789917A7F10E00BB5BB0 /* ASIFormDataRequest.m in Sources */,
				CFA8789A17A7F10E00BB5BB0 /* ASIHTTPRequest.m in Sources */,
				CFA8789B17A7F10E00BB5BB0 /* ASIInputStream.m in Sources */,
				CFA8789C17A7F10E00BB5BB0 /* ASINetworkQueue.m in Sources */,
				CFA8789D17A7F10E00BB5BB0 /* Reachability.m in Sources */,
			);
			runOnlyForDeploymentPostprocessing = 0;
		};
/* End PBXSourcesBuildPhase section */

/* Begin PBXVariantGroup section */
		CFBCEC3D17A74465003E0908 /* InfoPlist.strings */ = {
			isa = PBXVariantGroup;
			children = (
				CFBCEC3E17A74465003E0908 /* en */,
			);
			name = InfoPlist.strings;
			sourceTree = "<group>";
		};
/* End PBXVariantGroup section */

/* Begin XCBuildConfiguration section */
		CFBCEC4C17A74465003E0908 /* Debug */ = {
			isa = XCBuildConfiguration;
			buildSettings = {
				ALWAYS_SEARCH_USER_PATHS = NO;
				CLANG_CXX_LANGUAGE_STANDARD = "gnu++0x";
				CLANG_CXX_LIBRARY = "libc++";
				CLANG_WARN_CONSTANT_CONVERSION = YES;
				CLANG_WARN_EMPTY_BODY = YES;
				CLANG_WARN_ENUM_CONVERSION = YES;
				CLANG_WARN_INT_CONVERSION = YES;
				CLANG_WARN__DUPLICATE_METHOD_MATCH = YES;
				"CODE_SIGN_IDENTITY[sdk=iphoneos*]" = "iPhone Developer";
				COPY_PHASE_STRIP = NO;
				GCC_C_LANGUAGE_STANDARD = gnu99;
				GCC_DYNAMIC_NO_PIC = NO;
				GCC_OPTIMIZATION_LEVEL = 0;
				GCC_PREPROCESSOR_DEFINITIONS = (
					"DEBUG=1",
					"$(inherited)",
				);
				GCC_SYMBOLS_PRIVATE_EXTERN = NO;
				GCC_WARN_ABOUT_RETURN_TYPE = YES;
				GCC_WARN_UNINITIALIZED_AUTOS = YES;
				GCC_WARN_UNUSED_VARIABLE = YES;
				IPHONEOS_DEPLOYMENT_TARGET = 6.1;
				ONLY_ACTIVE_ARCH = YES;
				SDKROOT = iphoneos;
			};
			name = Debug;
		};
		CFBCEC4D17A74465003E0908 /* Release */ = {
			isa = XCBuildConfiguration;
			buildSettings = {
				ALWAYS_SEARCH_USER_PATHS = NO;
				CLANG_CXX_LANGUAGE_STANDARD = "gnu++0x";
				CLANG_CXX_LIBRARY = "libc++";
				CLANG_WARN_CONSTANT_CONVERSION = YES;
				CLANG_WARN_EMPTY_BODY = YES;
				CLANG_WARN_ENUM_CONVERSION = YES;
				CLANG_WARN_INT_CONVERSION = YES;
				CLANG_WARN__DUPLICATE_METHOD_MATCH = YES;
				"CODE_SIGN_IDENTITY[sdk=iphoneos*]" = "iPhone Developer";
				COPY_PHASE_STRIP = YES;
				GCC_C_LANGUAGE_STANDARD = gnu99;
				GCC_WARN_ABOUT_RETURN_TYPE = YES;
				GCC_WARN_UNINITIALIZED_AUTOS = YES;
				GCC_WARN_UNUSED_VARIABLE = YES;
				IPHONEOS_DEPLOYMENT_TARGET = 6.1;
				OTHER_CFLAGS = "-DNS_BLOCK_ASSERTIONS=1";
				SDKROOT = iphoneos;
				VALIDATE_PRODUCT = YES;
			};
			name = Release;
		};
		CFBCEC4F17A74465003E0908 /* Debug */ = {
			isa = XCBuildConfiguration;
			buildSettings = {
				GCC_PRECOMPILE_PREFIX_HEADER = YES;
				GCC_PREFIX_HEADER = "AsynHTTPRequest/AsynHTTPRequest-Prefix.pch";
				INFOPLIST_FILE = "AsynHTTPRequest/AsynHTTPRequest-Info.plist";
				PRODUCT_NAME = "$(TARGET_NAME)";
				WRAPPER_EXTENSION = app;
			};
			name = Debug;
		};
		CFBCEC5017A74465003E0908 /* Release */ = {
			isa = XCBuildConfiguration;
			buildSettings = {
				GCC_PRECOMPILE_PREFIX_HEADER = YES;
				GCC_PREFIX_HEADER = "AsynHTTPRequest/AsynHTTPRequest-Prefix.pch";
				INFOPLIST_FILE = "AsynHTTPRequest/AsynHTTPRequest-Info.plist";
				PRODUCT_NAME = "$(TARGET_NAME)";
				WRAPPER_EXTENSION = app;
			};
			name = Release;
		};
/* End XCBuildConfiguration section */

/* Begin XCConfigurationList section */
		CFBCEC2C17A74465003E0908 /* Build configuration list for PBXProject "AsynHTTPRequest" */ = {
			isa = XCConfigurationList;
			buildConfigurations = (
				CFBCEC4C17A74465003E0908 /* Debug */,
				CFBCEC4D17A74465003E0908 /* Release */,
			);
			defaultConfigurationIsVisible = 0;
			defaultConfigurationName = Release;
		};
		CFBCEC4E17A74465003E0908 /* Build configuration list for PBXNativeTarget "AsynHTTPRequest" */ = {
			isa = XCConfigurationList;
			buildConfigurations = (
				CFBCEC4F17A74465003E0908 /* Debug */,
				CFBCEC5017A74465003E0908 /* Release */,
			);
			defaultConfigurationIsVisible = 0;
			defaultConfigurationName = Release;
		};
/* End XCConfigurationList section */
	};
	rootObject = CFBCEC2917A74465003E0908 /* Project object */;
}
